
Microsoft Visual Studio Solution File, Format Version 12.00
# Visual Studio 15
VisualStudioVersion = 15.0.28010.2003
MinimumVisualStudioVersion = 10.0.40219.1
Project("{FAE04EC0-301F-11D3-BF4B-00C04F79EFBC}") = "APICRUD", "APICRUD\APICRUD.csproj", "{8143E349-B2D5-4860-B169-B4BE0FF4FDED}"
EndProject
Project("{FAE04EC0-301F-11D3-BF4B-00C04F79EFBC}") = "APICRUD.Tests", "APICRUD.Tests\APICRUD.Tests.csproj", "{2A437F87-A4C8-4540-A196-3EA286E15DF5}"
EndProject
Global
	GlobalSection(SolutionConfigurationPlatforms) = preSolution
		Debug|Any CPU = Debug|Any CPU
		Release|Any CPU = Release|Any CPU
	EndGlobalSection
	GlobalSection(ProjectConfigurationPlatforms) = postSolution
		{8143E349-B2D5-4860-B169-B4BE0FF4FDED}.Debug|Any CPU.ActiveCfg = Debug|Any CPU
		{8143E349-B2D5-4860-B169-B4BE0FF4FDED}.Debug|Any CPU.Build.0 = Debug|Any CPU
		{8143E349-B2D5-4860-B169-B4BE0FF4FDED}.Release|Any CPU.ActiveCfg = Release|Any CPU
		{8143E349-B2D5-4860-B169-B4BE0FF4FDED}.Release|Any CPU.Build.0 = Release|Any CPU
		{2A437F87-A4C8-4540-A196-3EA286E15DF5}.Debug|Any CPU.ActiveCfg = Debug|Any CPU
		{2A437F87-A4C8-4540-A196-3EA286E15DF5}.Debug|Any CPU.Build.0 = Debug|Any CPU
		{2A437F87-A4C8-4540-A196-3EA286E15DF5}.Release|Any CPU.ActiveCfg = Release|Any CPU
		{2A437F87-A4C8-4540-A196-3EA286E15DF5}.Release|Any CPU.Build.0 = Release|Any CPU
	EndGlobalSection
	GlobalSection(SolutionProperties) = preSolution
		HideSolutionNode = FALSE
	EndGlobalSection
	GlobalSection(ExtensibilityGlobals) = postSolution
		SolutionGuid = {429BE1DB-6F92-43D1-8E99-A1F2ED289BCB}
	EndGlobalSection
EndGlobal
